PODS:
  - JMDynamicDeviceName (0.9)

DEPENDENCIES:
  - JMDynamicDeviceName (from `../`)

EXTERNAL SOURCES:
  JMDynamicDeviceName:
    :path: "../"

SPEC CHECKSUMS:
  JMDynamicDeviceName: e9fa278a584ee44697489bcef197d88824efdfd2

PODFILE CHECKSUM: bcba5a8cd59c8fd1ee83a8a32cd3793939d26cfc

COCOAPODS: 1.0.1
