PODS:
  - JMDynamicDeviceName (0.1.0)

DEPENDENCIES:
  - JMDynamicDeviceName (from `../`)

EXTERNAL SOURCES:
  JMDynamicDeviceName:
    :path: "../"

SPEC CHECKSUMS:
  JMDynamicDeviceName: 8b60aade662cb56ed12e8cc51b23d5e3f1fab292

PODFILE CHECKSUM: bcba5a8cd59c8fd1ee83a8a32cd3793939d26cfc

COCOAPODS: 1.0.1
