PODS:
  - JMDynamicDeviceName (0.1.0)

DEPENDENCIES:
  - JMDynamicDeviceName (from `../`)

EXTERNAL SOURCES:
  JMDynamicDeviceName:
    :path: "../"

SPEC CHECKSUMS:
  JMDynamicDeviceName: 0ca7196e04bdbac9000a40bae3c650f73460b6d1

PODFILE CHECKSUM: bcba5a8cd59c8fd1ee83a8a32cd3793939d26cfc

COCOAPODS: 1.0.1
